
Microsoft Visual Studio Solution File, Format Version 12.00
# Visual Studio Version 17
VisualStudioVersion = 17.8.34408.163
MinimumVisualStudioVersion = 10.0.40219.1
Project("{FAE04EC0-301F-11D3-BF4B-00C04F79EFBC}") = "LongestDigitsPrefix.Test", "LongestDigitsPrefix.Test.csproj", "{67ADC365-DABD-415C-B49E-F2ADA139F678}"
EndProject
Project("{9A19103F-16F7-4668-BE54-9A1E7A4F7556}") = "LongestDigitsPrefix", "..\LongestDigitsPrefix\LongestDigitsPrefix.csproj", "{DBE296C0-C2A6-4667-9B1C-398F224BACD5}"
EndProject
Global
	GlobalSection(SolutionConfigurationPlatforms) = preSolution
		Debug|Any CPU = Debug|Any CPU
		Release|Any CPU = Release|Any CPU
	EndGlobalSection
	GlobalSection(ProjectConfigurationPlatforms) = postSolution
		{67ADC365-DABD-415C-B49E-F2ADA139F678}.Debug|Any CPU.ActiveCfg = Debug|Any CPU
		{67ADC365-DABD-415C-B49E-F2ADA139F678}.Debug|Any CPU.Build.0 = Debug|Any CPU
		{67ADC365-DABD-415C-B49E-F2ADA139F678}.Release|Any CPU.ActiveCfg = Release|Any CPU
		{67ADC365-DABD-415C-B49E-F2ADA139F678}.Release|Any CPU.Build.0 = Release|Any CPU
		{DBE296C0-C2A6-4667-9B1C-398F224BACD5}.Debug|Any CPU.ActiveCfg = Debug|Any CPU
		{DBE296C0-C2A6-4667-9B1C-398F224BACD5}.Debug|Any CPU.Build.0 = Debug|Any CPU
		{DBE296C0-C2A6-4667-9B1C-398F224BACD5}.Release|Any CPU.ActiveCfg = Release|Any CPU
		{DBE296C0-C2A6-4667-9B1C-398F224BACD5}.Release|Any CPU.Build.0 = Release|Any CPU
	EndGlobalSection
	GlobalSection(SolutionProperties) = preSolution
		HideSolutionNode = FALSE
	EndGlobalSection
	GlobalSection(ExtensibilityGlobals) = postSolution
		SolutionGuid = {9ED28A7F-2AF8-44AE-869D-6522DAB9BD3A}
	EndGlobalSection
EndGlobal
