
Microsoft Visual Studio Solution File, Format Version 12.00
# Visual Studio Version 17
VisualStudioVersion = 17.9.34622.214
MinimumVisualStudioVersion = 10.0.40219.1
Project("{FAE04EC0-301F-11D3-BF4B-00C04F79EFBC}") = "PhoneCall.Test", "PhoneCall.Test.csproj", "{675AF978-5F8B-456B-A26C-A506B8FB921B}"
EndProject
Project("{9A19103F-16F7-4668-BE54-9A1E7A4F7556}") = "PhoneCall", "..\PhoneCall\PhoneCall.csproj", "{5008FF9F-E603-404B-AE8A-5BFB973396C5}"
EndProject
Global
	GlobalSection(SolutionConfigurationPlatforms) = preSolution
		Debug|Any CPU = Debug|Any CPU
		Release|Any CPU = Release|Any CPU
	EndGlobalSection
	GlobalSection(ProjectConfigurationPlatforms) = postSolution
		{675AF978-5F8B-456B-A26C-A506B8FB921B}.Debug|Any CPU.ActiveCfg = Debug|Any CPU
		{675AF978-5F8B-456B-A26C-A506B8FB921B}.Debug|Any CPU.Build.0 = Debug|Any CPU
		{675AF978-5F8B-456B-A26C-A506B8FB921B}.Release|Any CPU.ActiveCfg = Release|Any CPU
		{675AF978-5F8B-456B-A26C-A506B8FB921B}.Release|Any CPU.Build.0 = Release|Any CPU
		{5008FF9F-E603-404B-AE8A-5BFB973396C5}.Debug|Any CPU.ActiveCfg = Debug|Any CPU
		{5008FF9F-E603-404B-AE8A-5BFB973396C5}.Debug|Any CPU.Build.0 = Debug|Any CPU
		{5008FF9F-E603-404B-AE8A-5BFB973396C5}.Release|Any CPU.ActiveCfg = Release|Any CPU
		{5008FF9F-E603-404B-AE8A-5BFB973396C5}.Release|Any CPU.Build.0 = Release|Any CPU
	EndGlobalSection
	GlobalSection(SolutionProperties) = preSolution
		HideSolutionNode = FALSE
	EndGlobalSection
	GlobalSection(ExtensibilityGlobals) = postSolution
		SolutionGuid = {8235F8B1-1099-4E39-B4D9-18682A0693DC}
	EndGlobalSection
EndGlobal
