
Microsoft Visual Studio Solution File, Format Version 12.00
# Visual Studio Version 17
VisualStudioVersion = 17.9.34622.214
MinimumVisualStudioVersion = 10.0.40219.1
Project("{FAE04EC0-301F-11D3-BF4B-00C04F79EFBC}") = "LargestNumber.Test", "LargestNumber.Test.csproj", "{ABF9CF61-55B5-4877-A1BC-E290502FF11A}"
EndProject
Project("{9A19103F-16F7-4668-BE54-9A1E7A4F7556}") = "LargestNumber", "..\LargestNumber\LargestNumber.csproj", "{D494E6AD-6C87-4AA7-844D-F5807CA09AC4}"
EndProject
Global
	GlobalSection(SolutionConfigurationPlatforms) = preSolution
		Debug|Any CPU = Debug|Any CPU
		Release|Any CPU = Release|Any CPU
	EndGlobalSection
	GlobalSection(ProjectConfigurationPlatforms) = postSolution
		{ABF9CF61-55B5-4877-A1BC-E290502FF11A}.Debug|Any CPU.ActiveCfg = Debug|Any CPU
		{ABF9CF61-55B5-4877-A1BC-E290502FF11A}.Debug|Any CPU.Build.0 = Debug|Any CPU
		{ABF9CF61-55B5-4877-A1BC-E290502FF11A}.Release|Any CPU.ActiveCfg = Release|Any CPU
		{ABF9CF61-55B5-4877-A1BC-E290502FF11A}.Release|Any CPU.Build.0 = Release|Any CPU
		{D494E6AD-6C87-4AA7-844D-F5807CA09AC4}.Debug|Any CPU.ActiveCfg = Debug|Any CPU
		{D494E6AD-6C87-4AA7-844D-F5807CA09AC4}.Debug|Any CPU.Build.0 = Debug|Any CPU
		{D494E6AD-6C87-4AA7-844D-F5807CA09AC4}.Release|Any CPU.ActiveCfg = Release|Any CPU
		{D494E6AD-6C87-4AA7-844D-F5807CA09AC4}.Release|Any CPU.Build.0 = Release|Any CPU
	EndGlobalSection
	GlobalSection(SolutionProperties) = preSolution
		HideSolutionNode = FALSE
	EndGlobalSection
	GlobalSection(ExtensibilityGlobals) = postSolution
		SolutionGuid = {CB2C2E6C-3CEE-418E-A138-B2F9C5A3E923}
	EndGlobalSection
EndGlobal
