
Microsoft Visual Studio Solution File, Format Version 12.00
# Visual Studio Version 17
VisualStudioVersion = 17.9.34622.214
MinimumVisualStudioVersion = 10.0.40219.1
Project("{FAE04EC0-301F-11D3-BF4B-00C04F79EFBC}") = "LineEncoding.Test", "LineEncoding.Test.csproj", "{2BD0B139-1385-4509-8FD3-F5636F7F201A}"
EndProject
Project("{9A19103F-16F7-4668-BE54-9A1E7A4F7556}") = "LineEncoding", "..\LineEncoding\LineEncoding.csproj", "{CDC0A82F-B23E-4EB9-9ED1-32538AF56C33}"
EndProject
Global
	GlobalSection(SolutionConfigurationPlatforms) = preSolution
		Debug|Any CPU = Debug|Any CPU
		Release|Any CPU = Release|Any CPU
	EndGlobalSection
	GlobalSection(ProjectConfigurationPlatforms) = postSolution
		{2BD0B139-1385-4509-8FD3-F5636F7F201A}.Debug|Any CPU.ActiveCfg = Debug|Any CPU
		{2BD0B139-1385-4509-8FD3-F5636F7F201A}.Debug|Any CPU.Build.0 = Debug|Any CPU
		{2BD0B139-1385-4509-8FD3-F5636F7F201A}.Release|Any CPU.ActiveCfg = Release|Any CPU
		{2BD0B139-1385-4509-8FD3-F5636F7F201A}.Release|Any CPU.Build.0 = Release|Any CPU
		{CDC0A82F-B23E-4EB9-9ED1-32538AF56C33}.Debug|Any CPU.ActiveCfg = Debug|Any CPU
		{CDC0A82F-B23E-4EB9-9ED1-32538AF56C33}.Debug|Any CPU.Build.0 = Debug|Any CPU
		{CDC0A82F-B23E-4EB9-9ED1-32538AF56C33}.Release|Any CPU.ActiveCfg = Release|Any CPU
		{CDC0A82F-B23E-4EB9-9ED1-32538AF56C33}.Release|Any CPU.Build.0 = Release|Any CPU
	EndGlobalSection
	GlobalSection(SolutionProperties) = preSolution
		HideSolutionNode = FALSE
	EndGlobalSection
	GlobalSection(ExtensibilityGlobals) = postSolution
		SolutionGuid = {0421B355-E306-4BB3-9D8C-C5552E0DF9F3}
	EndGlobalSection
EndGlobal
