
Microsoft Visual Studio Solution File, Format Version 12.00
# Visual Studio Version 17
VisualStudioVersion = 17.8.34408.163
MinimumVisualStudioVersion = 10.0.40219.1
Project("{FAE04EC0-301F-11D3-BF4B-00C04F79EFBC}") = "KnapsackLight.Test", "KnapsackLight.Test.csproj", "{6BC3BB3F-1CE7-45F1-8F97-34A3897AD877}"
EndProject
Project("{9A19103F-16F7-4668-BE54-9A1E7A4F7556}") = "KnapsackLight", "..\KnapsackLight\KnapsackLight.csproj", "{77D211DC-5A16-405E-A5D7-29268078928F}"
EndProject
Global
	GlobalSection(SolutionConfigurationPlatforms) = preSolution
		Debug|Any CPU = Debug|Any CPU
		Release|Any CPU = Release|Any CPU
	EndGlobalSection
	GlobalSection(ProjectConfigurationPlatforms) = postSolution
		{6BC3BB3F-1CE7-45F1-8F97-34A3897AD877}.Debug|Any CPU.ActiveCfg = Debug|Any CPU
		{6BC3BB3F-1CE7-45F1-8F97-34A3897AD877}.Debug|Any CPU.Build.0 = Debug|Any CPU
		{6BC3BB3F-1CE7-45F1-8F97-34A3897AD877}.Release|Any CPU.ActiveCfg = Release|Any CPU
		{6BC3BB3F-1CE7-45F1-8F97-34A3897AD877}.Release|Any CPU.Build.0 = Release|Any CPU
		{77D211DC-5A16-405E-A5D7-29268078928F}.Debug|Any CPU.ActiveCfg = Debug|Any CPU
		{77D211DC-5A16-405E-A5D7-29268078928F}.Debug|Any CPU.Build.0 = Debug|Any CPU
		{77D211DC-5A16-405E-A5D7-29268078928F}.Release|Any CPU.ActiveCfg = Release|Any CPU
		{77D211DC-5A16-405E-A5D7-29268078928F}.Release|Any CPU.Build.0 = Release|Any CPU
	EndGlobalSection
	GlobalSection(SolutionProperties) = preSolution
		HideSolutionNode = FALSE
	EndGlobalSection
	GlobalSection(ExtensibilityGlobals) = postSolution
		SolutionGuid = {98177CCB-D4EF-45E5-AF87-409ADC84DADA}
	EndGlobalSection
EndGlobal
