
Microsoft Visual Studio Solution File, Format Version 12.00
# Visual Studio Version 17
VisualStudioVersion = 17.8.34408.163
MinimumVisualStudioVersion = 10.0.40219.1
Project("{FAE04EC0-301F-11D3-BF4B-00C04F79EFBC}") = "AdjacentElementsProduct", "AdjacentElementsProduct.csproj", "{A51D4D17-4E7F-4895-83A8-947AC8907EFA}"
EndProject
Global
	GlobalSection(SolutionConfigurationPlatforms) = preSolution
		Debug|Any CPU = Debug|Any CPU
		Release|Any CPU = Release|Any CPU
	EndGlobalSection
	GlobalSection(ProjectConfigurationPlatforms) = postSolution
		{A51D4D17-4E7F-4895-83A8-947AC8907EFA}.Debug|Any CPU.ActiveCfg = Debug|Any CPU
		{A51D4D17-4E7F-4895-83A8-947AC8907EFA}.Debug|Any CPU.Build.0 = Debug|Any CPU
		{A51D4D17-4E7F-4895-83A8-947AC8907EFA}.Release|Any CPU.ActiveCfg = Release|Any CPU
		{A51D4D17-4E7F-4895-83A8-947AC8907EFA}.Release|Any CPU.Build.0 = Release|Any CPU
	EndGlobalSection
	GlobalSection(SolutionProperties) = preSolution
		HideSolutionNode = FALSE
	EndGlobalSection
	GlobalSection(ExtensibilityGlobals) = postSolution
		SolutionGuid = {E619AEE5-4AD0-4578-AE27-68D6770D0379}
	EndGlobalSection
EndGlobal
