
Microsoft Visual Studio Solution File, Format Version 12.00
# Visual Studio Version 17
VisualStudioVersion = 17.9.34622.214
MinimumVisualStudioVersion = 10.0.40219.1
Project("{FAE04EC0-301F-11D3-BF4B-00C04F79EFBC}") = "SumUpNumbers", "SumUpNumbers.csproj", "{DD89A0DB-B5D8-441C-94DC-6736507482AB}"
EndProject
Global
	GlobalSection(SolutionConfigurationPlatforms) = preSolution
		Debug|Any CPU = Debug|Any CPU
		Release|Any CPU = Release|Any CPU
	EndGlobalSection
	GlobalSection(ProjectConfigurationPlatforms) = postSolution
		{DD89A0DB-B5D8-441C-94DC-6736507482AB}.Debug|Any CPU.ActiveCfg = Debug|Any CPU
		{DD89A0DB-B5D8-441C-94DC-6736507482AB}.Debug|Any CPU.Build.0 = Debug|Any CPU
		{DD89A0DB-B5D8-441C-94DC-6736507482AB}.Release|Any CPU.ActiveCfg = Release|Any CPU
		{DD89A0DB-B5D8-441C-94DC-6736507482AB}.Release|Any CPU.Build.0 = Release|Any CPU
	EndGlobalSection
	GlobalSection(SolutionProperties) = preSolution
		HideSolutionNode = FALSE
	EndGlobalSection
	GlobalSection(ExtensibilityGlobals) = postSolution
		SolutionGuid = {1878BB9F-8B23-42D7-9ABF-4E23E61414DB}
	EndGlobalSection
EndGlobal
