
Microsoft Visual Studio Solution File, Format Version 12.00
# Visual Studio Version 17
VisualStudioVersion = 17.8.34408.163
MinimumVisualStudioVersion = 10.0.40219.1
Project("{FAE04EC0-301F-11D3-BF4B-00C04F79EFBC}") = "DepositProfit.Test", "DepositProfit.Test.csproj", "{724FAE54-6367-4A2C-9B7C-2089EB53876D}"
EndProject
Project("{9A19103F-16F7-4668-BE54-9A1E7A4F7556}") = "DepositProfit", "..\DepositProfit\DepositProfit.csproj", "{FCB73649-FB55-486C-9520-3FAA3ED757A4}"
EndProject
Global
	GlobalSection(SolutionConfigurationPlatforms) = preSolution
		Debug|Any CPU = Debug|Any CPU
		Release|Any CPU = Release|Any CPU
	EndGlobalSection
	GlobalSection(ProjectConfigurationPlatforms) = postSolution
		{724FAE54-6367-4A2C-9B7C-2089EB53876D}.Debug|Any CPU.ActiveCfg = Debug|Any CPU
		{724FAE54-6367-4A2C-9B7C-2089EB53876D}.Debug|Any CPU.Build.0 = Debug|Any CPU
		{724FAE54-6367-4A2C-9B7C-2089EB53876D}.Release|Any CPU.ActiveCfg = Release|Any CPU
		{724FAE54-6367-4A2C-9B7C-2089EB53876D}.Release|Any CPU.Build.0 = Release|Any CPU
		{FCB73649-FB55-486C-9520-3FAA3ED757A4}.Debug|Any CPU.ActiveCfg = Debug|Any CPU
		{FCB73649-FB55-486C-9520-3FAA3ED757A4}.Debug|Any CPU.Build.0 = Debug|Any CPU
		{FCB73649-FB55-486C-9520-3FAA3ED757A4}.Release|Any CPU.ActiveCfg = Release|Any CPU
		{FCB73649-FB55-486C-9520-3FAA3ED757A4}.Release|Any CPU.Build.0 = Release|Any CPU
	EndGlobalSection
	GlobalSection(SolutionProperties) = preSolution
		HideSolutionNode = FALSE
	EndGlobalSection
	GlobalSection(ExtensibilityGlobals) = postSolution
		SolutionGuid = {C22E5361-A9C3-458A-9BE5-EA83997FFE17}
	EndGlobalSection
EndGlobal
