
Microsoft Visual Studio Solution File, Format Version 12.00
# Visual Studio Version 17
VisualStudioVersion = 17.9.34622.214
MinimumVisualStudioVersion = 10.0.40219.1
Project("{FAE04EC0-301F-11D3-BF4B-00C04F79EFBC}") = "Sudoku", "Sudoku.csproj", "{34FE4A63-1320-48E3-BEEE-60D26C99C4DF}"
EndProject
Global
	GlobalSection(SolutionConfigurationPlatforms) = preSolution
		Debug|Any CPU = Debug|Any CPU
		Release|Any CPU = Release|Any CPU
	EndGlobalSection
	GlobalSection(ProjectConfigurationPlatforms) = postSolution
		{34FE4A63-1320-48E3-BEEE-60D26C99C4DF}.Debug|Any CPU.ActiveCfg = Debug|Any CPU
		{34FE4A63-1320-48E3-BEEE-60D26C99C4DF}.Debug|Any CPU.Build.0 = Debug|Any CPU
		{34FE4A63-1320-48E3-BEEE-60D26C99C4DF}.Release|Any CPU.ActiveCfg = Release|Any CPU
		{34FE4A63-1320-48E3-BEEE-60D26C99C4DF}.Release|Any CPU.Build.0 = Release|Any CPU
	EndGlobalSection
	GlobalSection(SolutionProperties) = preSolution
		HideSolutionNode = FALSE
	EndGlobalSection
	GlobalSection(ExtensibilityGlobals) = postSolution
		SolutionGuid = {657F83D6-2567-47EA-A006-6BADC05C8825}
	EndGlobalSection
EndGlobal
