
Microsoft Visual Studio Solution File, Format Version 12.00
# Visual Studio Version 17
VisualStudioVersion = 17.9.34622.214
MinimumVisualStudioVersion = 10.0.40219.1
Project("{FAE04EC0-301F-11D3-BF4B-00C04F79EFBC}") = "DifferentSquares.Test", "DifferentSquares.Test.csproj", "{9A72B97B-8F04-48ED-A5F6-AAB9196446D1}"
EndProject
Project("{9A19103F-16F7-4668-BE54-9A1E7A4F7556}") = "DifferentSquares", "..\DifferentSquares\DifferentSquares.csproj", "{0AC82142-F6DC-4EB5-9D5C-4D035CCE428A}"
EndProject
Global
	GlobalSection(SolutionConfigurationPlatforms) = preSolution
		Debug|Any CPU = Debug|Any CPU
		Release|Any CPU = Release|Any CPU
	EndGlobalSection
	GlobalSection(ProjectConfigurationPlatforms) = postSolution
		{9A72B97B-8F04-48ED-A5F6-AAB9196446D1}.Debug|Any CPU.ActiveCfg = Debug|Any CPU
		{9A72B97B-8F04-48ED-A5F6-AAB9196446D1}.Debug|Any CPU.Build.0 = Debug|Any CPU
		{9A72B97B-8F04-48ED-A5F6-AAB9196446D1}.Release|Any CPU.ActiveCfg = Release|Any CPU
		{9A72B97B-8F04-48ED-A5F6-AAB9196446D1}.Release|Any CPU.Build.0 = Release|Any CPU
		{0AC82142-F6DC-4EB5-9D5C-4D035CCE428A}.Debug|Any CPU.ActiveCfg = Debug|Any CPU
		{0AC82142-F6DC-4EB5-9D5C-4D035CCE428A}.Debug|Any CPU.Build.0 = Debug|Any CPU
		{0AC82142-F6DC-4EB5-9D5C-4D035CCE428A}.Release|Any CPU.ActiveCfg = Release|Any CPU
		{0AC82142-F6DC-4EB5-9D5C-4D035CCE428A}.Release|Any CPU.Build.0 = Release|Any CPU
	EndGlobalSection
	GlobalSection(SolutionProperties) = preSolution
		HideSolutionNode = FALSE
	EndGlobalSection
	GlobalSection(ExtensibilityGlobals) = postSolution
		SolutionGuid = {4F28604C-418F-47F4-AAC5-7032E5DB609A}
	EndGlobalSection
EndGlobal
