
Microsoft Visual Studio Solution File, Format Version 12.00
# Visual Studio Version 17
VisualStudioVersion = 17.8.34408.163
MinimumVisualStudioVersion = 10.0.40219.1
Project("{FAE04EC0-301F-11D3-BF4B-00C04F79EFBC}") = "AlternatingSums", "AlternatingSums.csproj", "{2C753C5A-9BE5-4AC0-B542-6A5AC7E7D2DF}"
EndProject
Global
	GlobalSection(SolutionConfigurationPlatforms) = preSolution
		Debug|Any CPU = Debug|Any CPU
		Release|Any CPU = Release|Any CPU
	EndGlobalSection
	GlobalSection(ProjectConfigurationPlatforms) = postSolution
		{2C753C5A-9BE5-4AC0-B542-6A5AC7E7D2DF}.Debug|Any CPU.ActiveCfg = Debug|Any CPU
		{2C753C5A-9BE5-4AC0-B542-6A5AC7E7D2DF}.Debug|Any CPU.Build.0 = Debug|Any CPU
		{2C753C5A-9BE5-4AC0-B542-6A5AC7E7D2DF}.Release|Any CPU.ActiveCfg = Release|Any CPU
		{2C753C5A-9BE5-4AC0-B542-6A5AC7E7D2DF}.Release|Any CPU.Build.0 = Release|Any CPU
	EndGlobalSection
	GlobalSection(SolutionProperties) = preSolution
		HideSolutionNode = FALSE
	EndGlobalSection
	GlobalSection(ExtensibilityGlobals) = postSolution
		SolutionGuid = {DA21E20A-A4F9-4A48-BAD4-83E7C625438C}
	EndGlobalSection
EndGlobal
