
Microsoft Visual Studio Solution File, Format Version 12.00
# Visual Studio Version 17
VisualStudioVersion = 17.9.34622.214
MinimumVisualStudioVersion = 10.0.40219.1
Project("{FAE04EC0-301F-11D3-BF4B-00C04F79EFBC}") = "MessageFromBinaryCode", "MessageFromBinaryCode.csproj", "{11B8F5E4-D354-49A6-9E71-84BBAFAC1905}"
EndProject
Global
	GlobalSection(SolutionConfigurationPlatforms) = preSolution
		Debug|Any CPU = Debug|Any CPU
		Release|Any CPU = Release|Any CPU
	EndGlobalSection
	GlobalSection(ProjectConfigurationPlatforms) = postSolution
		{11B8F5E4-D354-49A6-9E71-84BBAFAC1905}.Debug|Any CPU.ActiveCfg = Debug|Any CPU
		{11B8F5E4-D354-49A6-9E71-84BBAFAC1905}.Debug|Any CPU.Build.0 = Debug|Any CPU
		{11B8F5E4-D354-49A6-9E71-84BBAFAC1905}.Release|Any CPU.ActiveCfg = Release|Any CPU
		{11B8F5E4-D354-49A6-9E71-84BBAFAC1905}.Release|Any CPU.Build.0 = Release|Any CPU
	EndGlobalSection
	GlobalSection(SolutionProperties) = preSolution
		HideSolutionNode = FALSE
	EndGlobalSection
	GlobalSection(ExtensibilityGlobals) = postSolution
		SolutionGuid = {056C103C-478B-422D-B2F8-E7E5E8DBCDAF}
	EndGlobalSection
EndGlobal
