
Microsoft Visual Studio Solution File, Format Version 12.00
# Visual Studio Version 17
VisualStudioVersion = 17.9.34622.214
MinimumVisualStudioVersion = 10.0.40219.1
Project("{FAE04EC0-301F-11D3-BF4B-00C04F79EFBC}") = "DeleteDigit", "DeleteDigit.csproj", "{3702BCCF-A39A-465E-8B51-750A1880F184}"
EndProject
Global
	GlobalSection(SolutionConfigurationPlatforms) = preSolution
		Debug|Any CPU = Debug|Any CPU
		Release|Any CPU = Release|Any CPU
	EndGlobalSection
	GlobalSection(ProjectConfigurationPlatforms) = postSolution
		{3702BCCF-A39A-465E-8B51-750A1880F184}.Debug|Any CPU.ActiveCfg = Debug|Any CPU
		{3702BCCF-A39A-465E-8B51-750A1880F184}.Debug|Any CPU.Build.0 = Debug|Any CPU
		{3702BCCF-A39A-465E-8B51-750A1880F184}.Release|Any CPU.ActiveCfg = Release|Any CPU
		{3702BCCF-A39A-465E-8B51-750A1880F184}.Release|Any CPU.Build.0 = Release|Any CPU
	EndGlobalSection
	GlobalSection(SolutionProperties) = preSolution
		HideSolutionNode = FALSE
	EndGlobalSection
	GlobalSection(ExtensibilityGlobals) = postSolution
		SolutionGuid = {3FD3F083-27AD-4767-AC6F-22E8F1E6237C}
	EndGlobalSection
EndGlobal
