
Microsoft Visual Studio Solution File, Format Version 12.00
# Visual Studio Version 17
VisualStudioVersion = 17.9.34622.214
MinimumVisualStudioVersion = 10.0.40219.1
Project("{FAE04EC0-301F-11D3-BF4B-00C04F79EFBC}") = "LargestNumber", "LargestNumber.csproj", "{4319A494-E176-42AA-9F03-06B1F2616BFD}"
EndProject
Global
	GlobalSection(SolutionConfigurationPlatforms) = preSolution
		Debug|Any CPU = Debug|Any CPU
		Release|Any CPU = Release|Any CPU
	EndGlobalSection
	GlobalSection(ProjectConfigurationPlatforms) = postSolution
		{4319A494-E176-42AA-9F03-06B1F2616BFD}.Debug|Any CPU.ActiveCfg = Debug|Any CPU
		{4319A494-E176-42AA-9F03-06B1F2616BFD}.Debug|Any CPU.Build.0 = Debug|Any CPU
		{4319A494-E176-42AA-9F03-06B1F2616BFD}.Release|Any CPU.ActiveCfg = Release|Any CPU
		{4319A494-E176-42AA-9F03-06B1F2616BFD}.Release|Any CPU.Build.0 = Release|Any CPU
	EndGlobalSection
	GlobalSection(SolutionProperties) = preSolution
		HideSolutionNode = FALSE
	EndGlobalSection
	GlobalSection(ExtensibilityGlobals) = postSolution
		SolutionGuid = {735F7CCF-C066-4319-9B13-3AC6983EA2B2}
	EndGlobalSection
EndGlobal
