
Microsoft Visual Studio Solution File, Format Version 12.00
# Visual Studio Version 17
VisualStudioVersion = 17.8.34408.163
MinimumVisualStudioVersion = 10.0.40219.1
Project("{FAE04EC0-301F-11D3-BF4B-00C04F79EFBC}") = "ExtractEachKth", "ExtractEachKth.csproj", "{D00E2C23-99B6-48C2-841E-6D49D0FB3B1E}"
EndProject
Global
	GlobalSection(SolutionConfigurationPlatforms) = preSolution
		Debug|Any CPU = Debug|Any CPU
		Release|Any CPU = Release|Any CPU
	EndGlobalSection
	GlobalSection(ProjectConfigurationPlatforms) = postSolution
		{D00E2C23-99B6-48C2-841E-6D49D0FB3B1E}.Debug|Any CPU.ActiveCfg = Debug|Any CPU
		{D00E2C23-99B6-48C2-841E-6D49D0FB3B1E}.Debug|Any CPU.Build.0 = Debug|Any CPU
		{D00E2C23-99B6-48C2-841E-6D49D0FB3B1E}.Release|Any CPU.ActiveCfg = Release|Any CPU
		{D00E2C23-99B6-48C2-841E-6D49D0FB3B1E}.Release|Any CPU.Build.0 = Release|Any CPU
	EndGlobalSection
	GlobalSection(SolutionProperties) = preSolution
		HideSolutionNode = FALSE
	EndGlobalSection
	GlobalSection(ExtensibilityGlobals) = postSolution
		SolutionGuid = {A84BBFAE-919F-46DF-B051-A55351D5C6A3}
	EndGlobalSection
EndGlobal
