
Microsoft Visual Studio Solution File, Format Version 12.00
# Visual Studio Version 17
VisualStudioVersion = 17.9.34622.214
MinimumVisualStudioVersion = 10.0.40219.1
Project("{FAE04EC0-301F-11D3-BF4B-00C04F79EFBC}") = "DeleteDigit.Test", "DeleteDigit.Test.csproj", "{0B6E6888-011F-494E-87AC-85AC8027D09D}"
EndProject
Project("{9A19103F-16F7-4668-BE54-9A1E7A4F7556}") = "DeleteDigit", "..\DeleteDigit\DeleteDigit.csproj", "{0AA984C4-A9F1-4014-89C7-02C32941EBCD}"
EndProject
Global
	GlobalSection(SolutionConfigurationPlatforms) = preSolution
		Debug|Any CPU = Debug|Any CPU
		Release|Any CPU = Release|Any CPU
	EndGlobalSection
	GlobalSection(ProjectConfigurationPlatforms) = postSolution
		{0B6E6888-011F-494E-87AC-85AC8027D09D}.Debug|Any CPU.ActiveCfg = Debug|Any CPU
		{0B6E6888-011F-494E-87AC-85AC8027D09D}.Debug|Any CPU.Build.0 = Debug|Any CPU
		{0B6E6888-011F-494E-87AC-85AC8027D09D}.Release|Any CPU.ActiveCfg = Release|Any CPU
		{0B6E6888-011F-494E-87AC-85AC8027D09D}.Release|Any CPU.Build.0 = Release|Any CPU
		{0AA984C4-A9F1-4014-89C7-02C32941EBCD}.Debug|Any CPU.ActiveCfg = Debug|Any CPU
		{0AA984C4-A9F1-4014-89C7-02C32941EBCD}.Debug|Any CPU.Build.0 = Debug|Any CPU
		{0AA984C4-A9F1-4014-89C7-02C32941EBCD}.Release|Any CPU.ActiveCfg = Release|Any CPU
		{0AA984C4-A9F1-4014-89C7-02C32941EBCD}.Release|Any CPU.Build.0 = Release|Any CPU
	EndGlobalSection
	GlobalSection(SolutionProperties) = preSolution
		HideSolutionNode = FALSE
	EndGlobalSection
	GlobalSection(ExtensibilityGlobals) = postSolution
		SolutionGuid = {54592C4A-718C-4563-92A1-F7C23D164470}
	EndGlobalSection
EndGlobal
